// !$*UTF8*$!
{
	archiveVersion = 1;
	classes = {
	};
	objectVersion = 50;
	objects = {

/* Begin PBXBuildFile section */
		6B10701E2502580300802ECE /* FormViewController.swift in Sources */ = {isa = PBXBuildFile; fileRef = 6B10701D2502580300802ECE /* FormViewController.swift */; };
		6B10702025025D0C00802ECE /* SuccessViewController.swift in Sources */ = {isa = PBXBuildFile; fileRef = 6B10701F25025D0C00802ECE /* SuccessViewController.swift */; };
		6B289A9A250241AC0086167C /* WelcomeViewController.swift in Sources */ = {isa = PBXBuildFile; fileRef = 6B289A99250241AC0086167C /* WelcomeViewController.swift */; };
		6B791237250169EE00D707F3 /* AppDelegate.swift in Sources */ = {isa = PBXBuildFile; fileRef = 6B791236250169EE00D707F3 /* AppDelegate.swift */; };
		6B791239250169EE00D707F3 /* SceneDelegate.swift in Sources */ = {isa = PBXBuildFile; fileRef = 6B791238250169EE00D707F3 /* SceneDelegate.swift */; };
		6B79123E250169EE00D707F3 /* Main.storyboard in Resources */ = {isa = PBXBuildFile; fileRef = 6B79123C250169EE00D707F3 /* Main.storyboard */; };
		6B791240250169EF00D707F3 /* Assets.xcassets in Resources */ = {isa = PBXBuildFile; fileRef = 6B79123F250169EF00D707F3 /* Assets.xcassets */; };
		6B791243250169EF00D707F3 /* LaunchScreen.storyboard in Resources */ = {isa = PBXBuildFile; fileRef = 6B791241250169EF00D707F3 /* LaunchScreen.storyboard */; };
		6B79124E250169EF00D707F3 /* miawoufTests.swift in Sources */ = {isa = PBXBuildFile; fileRef = 6B79124D250169EF00D707F3 /* miawoufTests.swift */; };
		6B79125925016A9000D707F3 /* Races.swift in Sources */ = {isa = PBXBuildFile; fileRef = 6B79125825016A9000D707F3 /* Races.swift */; };
		6B79125F25016B3A00D707F3 /* ThirstyScriptExtraBoldDemo.otf in Resources */ = {isa = PBXBuildFile; fileRef = 6B79125E25016B3A00D707F3 /* ThirstyScriptExtraBoldDemo.otf */; };
/* End PBXBuildFile section */

/* Begin PBXContainerItemProxy section */
		6B79124A250169EF00D707F3 /* PBXContainerItemProxy */ = {
			isa = PBXContainerItemProxy;
			containerPortal = 6B79122B250169EE00D707F3 /* Project object */;
			proxyType = 1;
			remoteGlobalIDString = 6B791232250169EE00D707F3;
			remoteInfo = miawouf;
		};
/* End PBXContainerItemProxy section */

/* Begin PBXFileReference section */
		6B10701D2502580300802ECE /* FormViewController.swift */ = {isa = PBXFileReference; lastKnownFileType = sourcecode.swift; path = FormViewController.swift; sourceTree = "<group>"; };
		6B10701F25025D0C00802ECE /* SuccessViewController.swift */ = {isa = PBXFileReference; lastKnownFileType = sourcecode.swift; path = SuccessViewController.swift; sourceTree = "<group>"; };
		6B289A99250241AC0086167C /* WelcomeViewController.swift */ = {isa = PBXFileReference; lastKnownFileType = sourcecode.swift; path = WelcomeViewController.swift; sourceTree = "<group>"; };
		6B791233250169EE00D707F3 /* miawouf.app */ = {isa = PBXFileReference; explicitFileType = wrapper.application; includeInIndex = 0; path = miawouf.app; sourceTree = BUILT_PRODUCTS_DIR; };
		6B791236250169EE00D707F3 /* AppDelegate.swift */ = {isa = PBXFileReference; lastKnownFileType = sourcecode.swift; path = AppDelegate.swift; sourceTree = "<group>"; };
		6B791238250169EE00D707F3 /* SceneDelegate.swift */ = {isa = PBXFileReference; lastKnownFileType = sourcecode.swift; path = SceneDelegate.swift; sourceTree = "<group>"; };
		6B79123D250169EE00D707F3 /* Base */ = {isa = PBXFileReference; lastKnownFileType = file.storyboard; name = Base; path = Base.lproj/Main.storyboard; sourceTree = "<group>"; };
		6B79123F250169EF00D707F3 /* Assets.xcassets */ = {isa = PBXFileReference; lastKnownFileType = folder.assetcatalog; path = Assets.xcassets; sourceTree = "<group>"; };
		6B791242250169EF00D707F3 /* Base */ = {isa = PBXFileReference; lastKnownFileType = file.storyboard; name = Base; path = Base.lproj/LaunchScreen.storyboard; sourceTree = "<group>"; };
		6B791244250169EF00D707F3 /* Info.plist */ = {isa = PBXFileReference; lastKnownFileType = text.plist.xml; name = Info.plist; path = "/Users/simondahan/Documents/Formation/Projet 9/miawouf/miawouf/Support/Info.plist"; sourceTree = "<absolute>"; };
		6B791249250169EF00D707F3 /* miawoufTests.xctest */ = {isa = PBXFileReference; explicitFileType = wrapper.cfbundle; includeInIndex = 0; path = miawoufTests.xctest; sourceTree = BUILT_PRODUCTS_DIR; };
		6B79124D250169EF00D707F3 /* miawoufTests.swift */ = {isa = PBXFileReference; lastKnownFileType = sourcecode.swift; path = miawoufTests.swift; sourceTree = "<group>"; };
		6B79124F250169EF00D707F3 /* Info.plist */ = {isa = PBXFileReference; lastKnownFileType = text.plist.xml; path = Info.plist; sourceTree = "<group>"; };
		6B79125825016A9000D707F3 /* Races.swift */ = {isa = PBXFileReference; fileEncoding = 4; lastKnownFileType = sourcecode.swift; path = Races.swift; sourceTree = "<group>"; };
		6B79125E25016B3A00D707F3 /* ThirstyScriptExtraBoldDemo.otf */ = {isa = PBXFileReference; lastKnownFileType = file; path = ThirstyScriptExtraBoldDemo.otf; sourceTree = "<group>"; };
/* End PBXFileReference section */

/* Begin PBXFrameworksBuildPhase section */
		6B791230250169EE00D707F3 /* Frameworks */ = {
			isa = PBXFrameworksBuildPhase;
			buildActionMask = 2147483647;
			files = (
			);
			runOnlyForDeploymentPostprocessing = 0;
		};
		6B791246250169EF00D707F3 /* Frameworks */ = {
			isa = PBXFrameworksBuildPhase;
			buildActionMask = 2147483647;
			files = (
			);
			runOnlyForDeploymentPostprocessing = 0;
		};
/* End PBXFrameworksBuildPhase section */

/* Begin PBXGroup section */
		6B79122A250169EE00D707F3 = {
			isa = PBXGroup;
			children = (
				6B791235250169EE00D707F3 /* miawouf */,
				6B79124C250169EF00D707F3 /* miawoufTests */,
				6B791234250169EE00D707F3 /* Products */,
			);
			sourceTree = "<group>";
		};
		6B791234250169EE00D707F3 /* Products */ = {
			isa = PBXGroup;
			children = (
				6B791233250169EE00D707F3 /* miawouf.app */,
				6B791249250169EF00D707F3 /* miawoufTests.xctest */,
			);
			name = Products;
			sourceTree = "<group>";
		};
		6B791235250169EE00D707F3 /* miawouf */ = {
			isa = PBXGroup;
			children = (
				6B79125D25016AD500D707F3 /* Model */,
				6B79125C25016ACD00D707F3 /* View */,
				6B79125B25016AC500D707F3 /* Controller */,
				6B79125A25016AB900D707F3 /* Support */,
			);
			path = miawouf;
			sourceTree = "<group>";
		};
		6B79124C250169EF00D707F3 /* miawoufTests */ = {
			isa = PBXGroup;
			children = (
				6B79124D250169EF00D707F3 /* miawoufTests.swift */,
				6B79124F250169EF00D707F3 /* Info.plist */,
			);
			path = miawoufTests;
			sourceTree = "<group>";
		};
		6B79125A25016AB900D707F3 /* Support */ = {
			isa = PBXGroup;
			children = (
				6B79125E25016B3A00D707F3 /* ThirstyScriptExtraBoldDemo.otf */,
				6B791236250169EE00D707F3 /* AppDelegate.swift */,
				6B791238250169EE00D707F3 /* SceneDelegate.swift */,
				6B79123F250169EF00D707F3 /* Assets.xcassets */,
				6B791241250169EF00D707F3 /* LaunchScreen.storyboard */,
				6B791244250169EF00D707F3 /* Info.plist */,
			);
			path = Support;
			sourceTree = "<group>";
		};
		6B79125B25016AC500D707F3 /* Controller */ = {
			isa = PBXGroup;
			children = (
				6B289A99250241AC0086167C /* WelcomeViewController.swift */,
				6B10701D2502580300802ECE /* FormViewController.swift */,
				6B10701F25025D0C00802ECE /* SuccessViewController.swift */,
			);
			path = Controller;
			sourceTree = "<group>";
		};
		6B79125C25016ACD00D707F3 /* View */ = {
			isa = PBXGroup;
			children = (
				6B79123C250169EE00D707F3 /* Main.storyboard */,
			);
			path = View;
			sourceTree = "<group>";
		};
		6B79125D25016AD500D707F3 /* Model */ = {
			isa = PBXGroup;
			children = (
				6B79125825016A9000D707F3 /* Races.swift */,
			);
			path = Model;
			sourceTree = "<group>";
		};
/* End PBXGroup section */

/* Begin PBXNativeTarget section */
		6B791232250169EE00D707F3 /* miawouf */ = {
			isa = PBXNativeTarget;
			buildConfigurationList = 6B791252250169EF00D707F3 /* Build configuration list for PBXNativeTarget "miawouf" */;
			buildPhases = (
				6B79122F250169EE00D707F3 /* Sources */,
				6B791230250169EE00D707F3 /* Frameworks */,
				6B791231250169EE00D707F3 /* Resources */,
			);
			buildRules = (
			);
			dependencies = (
			);
			name = miawouf;
			productName = miawouf;
			productReference = 6B791233250169EE00D707F3 /* miawouf.app */;
			productType = "com.apple.product-type.application";
		};
		6B791248250169EF00D707F3 /* miawoufTests */ = {
			isa = PBXNativeTarget;
			buildConfigurationList = 6B791255250169EF00D707F3 /* Build configuration list for PBXNativeTarget "miawoufTests" */;
			buildPhases = (
				6B791245250169EF00D707F3 /* Sources */,
				6B791246250169EF00D707F3 /* Frameworks */,
				6B791247250169EF00D707F3 /* Resources */,
			);
			buildRules = (
			);
			dependencies = (
				6B79124B250169EF00D707F3 /* PBXTargetDependency */,
			);
			name = miawoufTests;
			productName = miawoufTests;
			productReference = 6B791249250169EF00D707F3 /* miawoufTests.xctest */;
			productType = "com.apple.product-type.bundle.unit-test";
		};
/* End PBXNativeTarget section */

/* Begin PBXProject section */
		6B79122B250169EE00D707F3 /* Project object */ = {
			isa = PBXProject;
			attributes = {
				LastSwiftUpdateCheck = 1170;
				LastUpgradeCheck = 1170;
				ORGANIZATIONNAME = "Simon Dahan";
				TargetAttributes = {
					6B791232250169EE00D707F3 = {
						CreatedOnToolsVersion = 11.7;
					};
					6B791248250169EF00D707F3 = {
						CreatedOnToolsVersion = 11.7;
						TestTargetID = 6B791232250169EE00D707F3;
					};
				};
			};
			buildConfigurationList = 6B79122E250169EE00D707F3 /* Build configuration list for PBXProject "miawouf" */;
			compatibilityVersion = "Xcode 9.3";
			developmentRegion = en;
			hasScannedForEncodings = 0;
			knownRegions = (
				en,
				Base,
			);
			mainGroup = 6B79122A250169EE00D707F3;
			productRefGroup = 6B791234250169EE00D707F3 /* Products */;
			projectDirPath = "";
			projectRoot = "";
			targets = (
				6B791232250169EE00D707F3 /* miawouf */,
				6B791248250169EF00D707F3 /* miawoufTests */,
			);
		};
/* End PBXProject section */

/* Begin PBXResourcesBuildPhase section */
		6B791231250169EE00D707F3 /* Resources */ = {
			isa = PBXResourcesBuildPhase;
			buildActionMask = 2147483647;
			files = (
				6B791243250169EF00D707F3 /* LaunchScreen.storyboard in Resources */,
				6B791240250169EF00D707F3 /* Assets.xcassets in Resources */,
				6B79123E250169EE00D707F3 /* Main.storyboard in Resources */,
				6B79125F25016B3A00D707F3 /* ThirstyScriptExtraBoldDemo.otf in Resources */,
			);
			runOnlyForDeploymentPostprocessing = 0;
		};
		6B791247250169EF00D707F3 /* Resources */ = {
			isa = PBXResourcesBuildPhase;
			buildActionMask = 2147483647;
			files = (
			);
			runOnlyForDeploymentPostprocessing = 0;
		};
/* End PBXResourcesBuildPhase section */

/* Begin PBXSourcesBuildPhase section */
		6B79122F250169EE00D707F3 /* Sources */ = {
			isa = PBXSourcesBuildPhase;
			buildActionMask = 2147483647;
			files = (
				6B79125925016A9000D707F3 /* Races.swift in Sources */,
				6B289A9A250241AC0086167C /* WelcomeViewController.swift in Sources */,
				6B791237250169EE00D707F3 /* AppDelegate.swift in Sources */,
				6B10701E2502580300802ECE /* FormViewController.swift in Sources */,
				6B10702025025D0C00802ECE /* SuccessViewController.swift in Sources */,
				6B791239250169EE00D707F3 /* SceneDelegate.swift in Sources */,
			);
			runOnlyForDeploymentPostprocessing = 0;
		};
		6B791245250169EF00D707F3 /* Sources */ = {
			isa = PBXSourcesBuildPhase;
			buildActionMask = 2147483647;
			files = (
				6B79124E250169EF00D707F3 /* miawoufTests.swift in Sources */,
			);
			runOnlyForDeploymentPostprocessing = 0;
		};
/* End PBXSourcesBuildPhase section */

/* Begin PBXTargetDependency section */
		6B79124B250169EF00D707F3 /* PBXTargetDependency */ = {
			isa = PBXTargetDependency;
			target = 6B791232250169EE00D707F3 /* miawouf */;
			targetProxy = 6B79124A250169EF00D707F3 /* PBXContainerItemProxy */;
		};
/* End PBXTargetDependency section */

/* Begin PBXVariantGroup section */
		6B79123C250169EE00D707F3 /* Main.storyboard */ = {
			isa = PBXVariantGroup;
			children = (
				6B79123D250169EE00D707F3 /* Base */,
			);
			name = Main.storyboard;
			sourceTree = "<group>";
		};
		6B791241250169EF00D707F3 /* LaunchScreen.storyboard */ = {
			isa = PBXVariantGroup;
			children = (
				6B791242250169EF00D707F3 /* Base */,
			);
			name = LaunchScreen.storyboard;
			sourceTree = "<group>";
		};
/* End PBXVariantGroup section */

/* Begin XCBuildConfiguration section */
		6B791250250169EF00D707F3 /* Debug */ = {
			isa = XCBuildConfiguration;
			buildSettings = {
				ALWAYS_SEARCH_USER_PATHS = NO;
				CLANG_ANALYZER_NONNULL = YES;
				CLANG_ANALYZER_NUMBER_OBJECT_CONVERSION = YES_AGGRESSIVE;
				CLANG_CXX_LANGUAGE_STANDARD = "gnu++14";
				CLANG_CXX_LIBRARY = "libc++";
				CLANG_ENABLE_MODULES = YES;
				CLANG_ENABLE_OBJC_ARC = YES;
				CLANG_ENABLE_OBJC_WEAK = YES;
				CLANG_WARN_BLOCK_CAPTURE_AUTORELEASING = YES;
				CLANG_WARN_BOOL_CONVERSION = YES;
				CLANG_WARN_COMMA = YES;
				CLANG_WARN_CONSTANT_CONVERSION = YES;
				CLANG_WARN_DEPRECATED_OBJC_IMPLEMENTATIONS = YES;
				CLANG_WARN_DIRECT_OBJC_ISA_USAGE = YES_ERROR;
				CLANG_WARN_DOCUMENTATION_COMMENTS = YES;
				CLANG_WARN_EMPTY_BODY = YES;
				CLANG_WARN_ENUM_CONVERSION = YES;
				CLANG_WARN_INFINITE_RECURSION = YES;
				CLANG_WARN_INT_CONVERSION = YES;
				CLANG_WARN_NON_LITERAL_NULL_CONVERSION = YES;
				CLANG_WARN_OBJC_IMPLICIT_RETAIN_SELF = YES;
				CLANG_WARN_OBJC_LITERAL_CONVERSION = YES;
				CLANG_WARN_OBJC_ROOT_CLASS = YES_ERROR;
				CLANG_WARN_RANGE_LOOP_ANALYSIS = YES;
				CLANG_WARN_STRICT_PROTOTYPES = YES;
				CLANG_WARN_SUSPICIOUS_MOVE = YES;
				CLANG_WARN_UNGUARDED_AVAILABILITY = YES_AGGRESSIVE;
				CLANG_WARN_UNREACHABLE_CODE = YES;
				CLANG_WARN__DUPLICATE_METHOD_MATCH = YES;
				COPY_PHASE_STRIP = NO;
				DEBUG_INFORMATION_FORMAT = dwarf;
				ENABLE_STRICT_OBJC_MSGSEND = YES;
				ENABLE_TESTABILITY = YES;
				GCC_C_LANGUAGE_STANDARD = gnu11;
				GCC_DYNAMIC_NO_PIC = NO;
				GCC_NO_COMMON_BLOCKS = YES;
				GCC_OPTIMIZATION_LEVEL = 0;
				GCC_PREPROCESSOR_DEFINITIONS = (
					"DEBUG=1",
					"$(inherited)",
				);
				GCC_WARN_64_TO_32_BIT_CONVERSION = YES;
				GCC_WARN_ABOUT_RETURN_TYPE = YES_ERROR;
				GCC_WARN_UNDECLARED_SELECTOR = YES;
				GCC_WARN_UNINITIALIZED_AUTOS = YES_AGGRESSIVE;
				GCC_WARN_UNUSED_FUNCTION = YES;
				GCC_WARN_UNUSED_VARIABLE = YES;
				IPHONEOS_DEPLOYMENT_TARGET = 13.7;
				MTL_ENABLE_DEBUG_INFO = INCLUDE_SOURCE;
				MTL_FAST_MATH = YES;
				ONLY_ACTIVE_ARCH = YES;
				SDKROOT = iphoneos;
				SWIFT_ACTIVE_COMPILATION_CONDITIONS = DEBUG;
				SWIFT_OPTIMIZATION_LEVEL = "-Onone";
			};
			name = Debug;
		};
		6B791251250169EF00D707F3 /* Release */ = {
			isa = XCBuildConfiguration;
			buildSettings = {
				ALWAYS_SEARCH_USER_PATHS = NO;
				CLANG_ANALYZER_NONNULL = YES;
				CLANG_ANALYZER_NUMBER_OBJECT_CONVERSION = YES_AGGRESSIVE;
				CLANG_CXX_LANGUAGE_STANDARD = "gnu++14";
				CLANG_CXX_LIBRARY = "libc++";
				CLANG_ENABLE_MODULES = YES;
				CLANG_ENABLE_OBJC_ARC = YES;
				CLANG_ENABLE_OBJC_WEAK = YES;
				CLANG_WARN_BLOCK_CAPTURE_AUTORELEASING = YES;
				CLANG_WARN_BOOL_CONVERSION = YES;
				CLANG_WARN_COMMA = YES;
				CLANG_WARN_CONSTANT_CONVERSION = YES;
				CLANG_WARN_DEPRECATED_OBJC_IMPLEMENTATIONS = YES;
				CLANG_WARN_DIRECT_OBJC_ISA_USAGE = YES_ERROR;
				CLANG_WARN_DOCUMENTATION_COMMENTS = YES;
				CLANG_WARN_EMPTY_BODY = YES;
				CLANG_WARN_ENUM_CONVERSION = YES;
				CLANG_WARN_INFINITE_RECURSION = YES;
				CLANG_WARN_INT_CONVERSION = YES;
				CLANG_WARN_NON_LITERAL_NULL_CONVERSION = YES;
				CLANG_WARN_OBJC_IMPLICIT_RETAIN_SELF = YES;
				CLANG_WARN_OBJC_LITERAL_CONVERSION = YES;
				CLANG_WARN_OBJC_ROOT_CLASS = YES_ERROR;
				CLANG_WARN_RANGE_LOOP_ANALYSIS = YES;
				CLANG_WARN_STRICT_PROTOTYPES = YES;
				CLANG_WARN_SUSPICIOUS_MOVE = YES;
				CLANG_WARN_UNGUARDED_AVAILABILITY = YES_AGGRESSIVE;
				CLANG_WARN_UNREACHABLE_CODE = YES;
				CLANG_WARN__DUPLICATE_METHOD_MATCH = YES;
				COPY_PHASE_STRIP = NO;
				DEBUG_INFORMATION_FORMAT = "dwarf-with-dsym";
				ENABLE_NS_ASSERTIONS = NO;
				ENABLE_STRICT_OBJC_MSGSEND = YES;
				GCC_C_LANGUAGE_STANDARD = gnu11;
				GCC_NO_COMMON_BLOCKS = YES;
				GCC_WARN_64_TO_32_BIT_CONVERSION = YES;
				GCC_WARN_ABOUT_RETURN_TYPE = YES_ERROR;
				GCC_WARN_UNDECLARED_SELECTOR = YES;
				GCC_WARN_UNINITIALIZED_AUTOS = YES_AGGRESSIVE;
				GCC_WARN_UNUSED_FUNCTION = YES;
				GCC_WARN_UNUSED_VARIABLE = YES;
				IPHONEOS_DEPLOYMENT_TARGET = 13.7;
				MTL_ENABLE_DEBUG_INFO = NO;
				MTL_FAST_MATH = YES;
				SDKROOT = iphoneos;
				SWIFT_COMPILATION_MODE = wholemodule;
				SWIFT_OPTIMIZATION_LEVEL = "-O";
				VALIDATE_PRODUCT = YES;
			};
			name = Release;
		};
		6B791253250169EF00D707F3 /* Debug */ = {
			isa = XCBuildConfiguration;
			buildSettings = {
				ASSETCATALOG_COMPILER_APPICON_NAME = AppIcon;
				CODE_SIGN_STYLE = Automatic;
				DEVELOPMENT_TEAM = 9S2GW6G25E;
				INFOPLIST_FILE = miawouf/Support/Info.plist;
				LD_RUNPATH_SEARCH_PATHS = (
					"$(inherited)",
					"@executable_path/Frameworks",
				);
				PRODUCT_BUNDLE_IDENTIFIER = com.simonDahan.miawouf;
				PRODUCT_NAME = "$(TARGET_NAME)";
				SWIFT_VERSION = 5.0;
				TARGETED_DEVICE_FAMILY = "1,2";
			};
			name = Debug;
		};
		6B791254250169EF00D707F3 /* Release */ = {
			isa = XCBuildConfiguration;
			buildSettings = {
				ASSETCATALOG_COMPILER_APPICON_NAME = AppIcon;
				CODE_SIGN_STYLE = Automatic;
				DEVELOPMENT_TEAM = 9S2GW6G25E;
				INFOPLIST_FILE = miawouf/Support/Info.plist;
				LD_RUNPATH_SEARCH_PATHS = (
					"$(inherited)",
					"@executable_path/Frameworks",
				);
				PRODUCT_BUNDLE_IDENTIFIER = com.simonDahan.miawouf;
				PRODUCT_NAME = "$(TARGET_NAME)";
				SWIFT_VERSION = 5.0;
				TARGETED_DEVICE_FAMILY = "1,2";
			};
			name = Release;
		};
		6B791256250169EF00D707F3 /* Debug */ = {
			isa = XCBuildConfiguration;
			buildSettings = {
				ALWAYS_EMBED_SWIFT_STANDARD_LIBRARIES = YES;
				BUNDLE_LOADER = "$(TEST_HOST)";
				CODE_SIGN_STYLE = Automatic;
				DEVELOPMENT_TEAM = 9S2GW6G25E;
				INFOPLIST_FILE = miawoufTests/Info.plist;
				IPHONEOS_DEPLOYMENT_TARGET = 13.7;
				LD_RUNPATH_SEARCH_PATHS = (
					"$(inherited)",
					"@executable_path/Frameworks",
					"@loader_path/Frameworks",
				);
				PRODUCT_BUNDLE_IDENTIFIER = com.simonDahan.miawoufTests;
				PRODUCT_NAME = "$(TARGET_NAME)";
				SWIFT_VERSION = 5.0;
				TARGETED_DEVICE_FAMILY = "1,2";
				TEST_HOST = "$(BUILT_PRODUCTS_DIR)/miawouf.app/miawouf";
			};
			name = Debug;
		};
		6B791257250169EF00D707F3 /* Release */ = {
			isa = XCBuildConfiguration;
			buildSettings = {
				ALWAYS_EMBED_SWIFT_STANDARD_LIBRARIES = YES;
				BUNDLE_LOADER = "$(TEST_HOST)";
				CODE_SIGN_STYLE = Automatic;
				DEVELOPMENT_TEAM = 9S2GW6G25E;
				INFOPLIST_FILE = miawoufTests/Info.plist;
				IPHONEOS_DEPLOYMENT_TARGET = 13.7;
				LD_RUNPATH_SEARCH_PATHS = (
					"$(inherited)",
					"@executable_path/Frameworks",
					"@loader_path/Frameworks",
				);
				PRODUCT_BUNDLE_IDENTIFIER = com.simonDahan.miawoufTests;
				PRODUCT_NAME = "$(TARGET_NAME)";
				SWIFT_VERSION = 5.0;
				TARGETED_DEVICE_FAMILY = "1,2";
				TEST_HOST = "$(BUILT_PRODUCTS_DIR)/miawouf.app/miawouf";
			};
			name = Release;
		};
/* End XCBuildConfiguration section */

/* Begin XCConfigurationList section */
		6B79122E250169EE00D707F3 /* Build configuration list for PBXProject "miawouf" */ = {
			isa = XCConfigurationList;
			buildConfigurations = (
				6B791250250169EF00D707F3 /* Debug */,
				6B791251250169EF00D707F3 /* Release */,
			);
			defaultConfigurationIsVisible = 0;
			defaultConfigurationName = Release;
		};
		6B791252250169EF00D707F3 /* Build configuration list for PBXNativeTarget "miawouf" */ = {
			isa = XCConfigurationList;
			buildConfigurations = (
				6B791253250169EF00D707F3 /* Debug */,
				6B791254250169EF00D707F3 /* Release */,
			);
			defaultConfigurationIsVisible = 0;
			defaultConfigurationName = Release;
		};
		6B791255250169EF00D707F3 /* Build configuration list for PBXNativeTarget "miawoufTests" */ = {
			isa = XCConfigurationList;
			buildConfigurations = (
				6B791256250169EF00D707F3 /* Debug */,
				6B791257250169EF00D707F3 /* Release */,
			);
			defaultConfigurationIsVisible = 0;
			defaultConfigurationName = Release;
		};
/* End XCConfigurationList section */
	};
	rootObject = 6B79122B250169EE00D707F3 /* Project object */;
}
